
Microsoft Visual Studio Solution File, Format Version 12.00
# Visual Studio Version 16
VisualStudioVersion = 16.0.31129.286
MinimumVisualStudioVersion = 10.0.40219.1
Project("{FAE04EC0-301F-11D3-BF4B-00C04F79EFBC}") = "GeekGame", "GeekGame\GeekGame.csproj", "{20C6D391-1933-49BD-9AE8-AF574E6FF32E}"
EndProject
Global
	GlobalSection(SolutionConfigurationPlatforms) = preSolution
		Debug|Any CPU = Debug|Any CPU
		Release|Any CPU = Release|Any CPU
	EndGlobalSection
	GlobalSection(ProjectConfigurationPlatforms) = postSolution
		{20C6D391-1933-49BD-9AE8-AF574E6FF32E}.Debug|Any CPU.ActiveCfg = Debug|Any CPU
		{20C6D391-1933-49BD-9AE8-AF574E6FF32E}.Debug|Any CPU.Build.0 = Debug|Any CPU
		{20C6D391-1933-49BD-9AE8-AF574E6FF32E}.Release|Any CPU.ActiveCfg = Release|Any CPU
		{20C6D391-1933-49BD-9AE8-AF574E6FF32E}.Release|Any CPU.Build.0 = Release|Any CPU
	EndGlobalSection
	GlobalSection(SolutionProperties) = preSolution
		HideSolutionNode = FALSE
	EndGlobalSection
	GlobalSection(ExtensibilityGlobals) = postSolution
		SolutionGuid = {E2806ECD-AAB9-44D5-8619-4D1C1CB0D6BF}
	EndGlobalSection
EndGlobal
